
Microsoft Visual Studio Solution File, Format Version 12.00
# Visual Studio Version 17
VisualStudioVersion = 17.0.31612.314
MinimumVisualStudioVersion = 10.0.40219.1
Project("{9A19103F-16F7-4668-BE54-9A1E7A4F7556}") = "MetaParser", "MetaParser\MetaParser.csproj", "{C09D725A-B972-40E7-A2EB-7179D3257694}"
EndProject
Project("{9A19103F-16F7-4668-BE54-9A1E7A4F7556}") = "MetaParser.Tests", "MetaParser.Tests\MetaParser.Tests.csproj", "{1A641C5C-43B8-4BD2-8DCA-40FCA5067C8D}"
EndProject
Project("{9A19103F-16F7-4668-BE54-9A1E7A4F7556}") = "MetaParser.WPF", "MetaParser.WPF\MetaParser.WPF.csproj", "{BD33A928-4A87-4A4F-998A-5C04F2E43C77}"
EndProject
Project("{9A19103F-16F7-4668-BE54-9A1E7A4F7556}") = "MetaParser.Maui", "MetaParser.Maui\MetaParser.Maui.csproj", "{577F21BD-3FE8-498A-B6F6-CA8F2E5BBA29}"
EndProject
Project("{FAE04EC0-301F-11D3-BF4B-00C04F79EFBC}") = "MetaParser.WPF.Tests", "MetaParser.WPF.Tests\MetaParser.WPF.Tests.csproj", "{2B10904F-AA93-4B79-B282-09625A17ABF3}"
EndProject
Global
	GlobalSection(SolutionConfigurationPlatforms) = preSolution
		Debug|Any CPU = Debug|Any CPU
		Release|Any CPU = Release|Any CPU
	EndGlobalSection
	GlobalSection(ProjectConfigurationPlatforms) = postSolution
		{C09D725A-B972-40E7-A2EB-7179D3257694}.Debug|Any CPU.ActiveCfg = Debug|Any CPU
		{C09D725A-B972-40E7-A2EB-7179D3257694}.Debug|Any CPU.Build.0 = Debug|Any CPU
		{C09D725A-B972-40E7-A2EB-7179D3257694}.Release|Any CPU.ActiveCfg = Release|Any CPU
		{C09D725A-B972-40E7-A2EB-7179D3257694}.Release|Any CPU.Build.0 = Release|Any CPU
		{1A641C5C-43B8-4BD2-8DCA-40FCA5067C8D}.Debug|Any CPU.ActiveCfg = Debug|Any CPU
		{1A641C5C-43B8-4BD2-8DCA-40FCA5067C8D}.Debug|Any CPU.Build.0 = Debug|Any CPU
		{1A641C5C-43B8-4BD2-8DCA-40FCA5067C8D}.Release|Any CPU.ActiveCfg = Release|Any CPU
		{1A641C5C-43B8-4BD2-8DCA-40FCA5067C8D}.Release|Any CPU.Build.0 = Release|Any CPU
		{BD33A928-4A87-4A4F-998A-5C04F2E43C77}.Debug|Any CPU.ActiveCfg = Debug|Any CPU
		{BD33A928-4A87-4A4F-998A-5C04F2E43C77}.Debug|Any CPU.Build.0 = Debug|Any CPU
		{BD33A928-4A87-4A4F-998A-5C04F2E43C77}.Release|Any CPU.ActiveCfg = Release|Any CPU
		{BD33A928-4A87-4A4F-998A-5C04F2E43C77}.Release|Any CPU.Build.0 = Release|Any CPU
		{577F21BD-3FE8-498A-B6F6-CA8F2E5BBA29}.Debug|Any CPU.ActiveCfg = Debug|Any CPU
		{577F21BD-3FE8-498A-B6F6-CA8F2E5BBA29}.Debug|Any CPU.Build.0 = Debug|Any CPU
		{577F21BD-3FE8-498A-B6F6-CA8F2E5BBA29}.Debug|Any CPU.Deploy.0 = Debug|Any CPU
		{577F21BD-3FE8-498A-B6F6-CA8F2E5BBA29}.Release|Any CPU.ActiveCfg = Release|Any CPU
		{577F21BD-3FE8-498A-B6F6-CA8F2E5BBA29}.Release|Any CPU.Build.0 = Release|Any CPU
		{577F21BD-3FE8-498A-B6F6-CA8F2E5BBA29}.Release|Any CPU.Deploy.0 = Release|Any CPU
		{2B10904F-AA93-4B79-B282-09625A17ABF3}.Debug|Any CPU.ActiveCfg = Debug|Any CPU
		{2B10904F-AA93-4B79-B282-09625A17ABF3}.Debug|Any CPU.Build.0 = Debug|Any CPU
		{2B10904F-AA93-4B79-B282-09625A17ABF3}.Release|Any CPU.ActiveCfg = Release|Any CPU
		{2B10904F-AA93-4B79-B282-09625A17ABF3}.Release|Any CPU.Build.0 = Release|Any CPU
	EndGlobalSection
	GlobalSection(SolutionProperties) = preSolution
		HideSolutionNode = FALSE
	EndGlobalSection
	GlobalSection(ExtensibilityGlobals) = postSolution
		SolutionGuid = {FC35A4D3-9E15-4959-B7F5-8A8B8C29BDFA}
	EndGlobalSection
EndGlobal
